PODS:
  - Flutter (1.0.0)
  - tencent_trtc (0.0.1):
    - Flutter
    - TXLiteAVSDK_TRTC
  - TXLiteAVSDK_TRTC (7.3.9132)

DEPENDENCIES:
  - Flutter (from `Flutter`)
  - tencent_trtc (from `.symlinks/plugins/tencent_trtc/ios`)

SPEC REPOS:
  trunk:
    - TXLiteAVSDK_TRTC

EXTERNAL SOURCES:
  Flutter:
    :path: Flutter
  tencent_trtc:
    :path: ".symlinks/plugins/tencent_trtc/ios"

SPEC CHECKSUMS:
  Flutter: 0e3d915762c693b495b44d77113d4970485de6ec
  tencent_trtc: 8d48b89059957e20661b41fea41ce1ecd0d7f9a5
  TXLiteAVSDK_TRTC: c4585d767548b1a0a73f10ee5955ca287f2237d6

PODFILE CHECKSUM: 124a9eb30aa55437ba1258c9928d6b6404051201

COCOAPODS: 1.9.3
