PODS:
  - Flutter (1.0.0)
  - tencent_trtc (0.0.1):
    - Flutter
    - TXIMSDK_iOS
    - TXLiteAVSDK_TRTC
  - TXIMSDK_iOS (4.8.10)
  - TXLiteAVSDK_TRTC (7.3.9132)

DEPENDENCIES:
  - Flutter (from `Flutter`)
  - tencent_trtc (from `.symlinks/plugins/tencent_trtc/ios`)

SPEC REPOS:
  trunk:
    - TXIMSDK_iOS
    - TXLiteAVSDK_TRTC

EXTERNAL SOURCES:
  Flutter:
    :path: Flutter
  tencent_trtc:
    :path: ".symlinks/plugins/tencent_trtc/ios"

SPEC CHECKSUMS:
  Flutter: 0e3d915762c693b495b44d77113d4970485de6ec
  tencent_trtc: 131b2913270130bc9ce20d1658b1101d5c7bf35a
  TXIMSDK_iOS: 17de2fef786f78843687cc7bd9592759edd2ec0b
  TXLiteAVSDK_TRTC: c4585d767548b1a0a73f10ee5955ca287f2237d6

PODFILE CHECKSUM: 124a9eb30aa55437ba1258c9928d6b6404051201

COCOAPODS: 1.9.3
